
Microsoft Visual Studio Solution File, Format Version 12.00
# Visual Studio Version 17
VisualStudioVersion = 17.0.31903.59
MinimumVisualStudioVersion = 10.0.40219.1
Project("{2150E333-8FDC-42A3-9474-1A3956D46DE8}") = "src", "src", "{827E0CD3-B72D-47B6-A68D-7590B98EB39B}"
EndProject
Project("{FAE04EC0-301F-11D3-BF4B-00C04F79EFBC}") = "ExcelDiff.App", "src\ExcelDiff.App\ExcelDiff.App.csproj", "{C2C96B5D-F6E1-4677-B82A-CB76ECD05F59}"
EndProject
Project("{FAE04EC0-301F-11D3-BF4B-00C04F79EFBC}") = "ExcelDiff.Core", "src\ExcelDiff.Core\ExcelDiff.Core.csproj", "{9BAB24D3-52F6-4E17-ADF6-3B1ABA877D49}"
EndProject
Project("{FAE04EC0-301F-11D3-BF4B-00C04F79EFBC}") = "ExcelDiff.Tests", "src\ExcelDiff.Tests\ExcelDiff.Tests.csproj", "{4155B891-44CB-4997-8576-900DFB61F7A7}"
EndProject
Global
	GlobalSection(SolutionConfigurationPlatforms) = preSolution
		Debug|Any CPU = Debug|Any CPU
		Debug|x64 = Debug|x64
		Debug|x86 = Debug|x86
		Release|Any CPU = Release|Any CPU
		Release|x64 = Release|x64
		Release|x86 = Release|x86
	EndGlobalSection
	GlobalSection(ProjectConfigurationPlatforms) = postSolution
		{C2C96B5D-F6E1-4677-B82A-CB76ECD05F59}.Debug|Any CPU.ActiveCfg = Debug|Any CPU
		{C2C96B5D-F6E1-4677-B82A-CB76ECD05F59}.Debug|Any CPU.Build.0 = Debug|Any CPU
		{C2C96B5D-F6E1-4677-B82A-CB76ECD05F59}.Debug|x64.ActiveCfg = Debug|Any CPU
		{C2C96B5D-F6E1-4677-B82A-CB76ECD05F59}.Debug|x64.Build.0 = Debug|Any CPU
		{C2C96B5D-F6E1-4677-B82A-CB76ECD05F59}.Debug|x86.ActiveCfg = Debug|Any CPU
		{C2C96B5D-F6E1-4677-B82A-CB76ECD05F59}.Debug|x86.Build.0 = Debug|Any CPU
		{C2C96B5D-F6E1-4677-B82A-CB76ECD05F59}.Release|Any CPU.ActiveCfg = Release|Any CPU
		{C2C96B5D-F6E1-4677-B82A-CB76ECD05F59}.Release|Any CPU.Build.0 = Release|Any CPU
		{C2C96B5D-F6E1-4677-B82A-CB76ECD05F59}.Release|x64.ActiveCfg = Release|Any CPU
		{C2C96B5D-F6E1-4677-B82A-CB76ECD05F59}.Release|x64.Build.0 = Release|Any CPU
		{C2C96B5D-F6E1-4677-B82A-CB76ECD05F59}.Release|x86.ActiveCfg = Release|Any CPU
		{C2C96B5D-F6E1-4677-B82A-CB76ECD05F59}.Release|x86.Build.0 = Release|Any CPU
		{9BAB24D3-52F6-4E17-ADF6-3B1ABA877D49}.Debug|Any CPU.ActiveCfg = Debug|Any CPU
		{9BAB24D3-52F6-4E17-ADF6-3B1ABA877D49}.Debug|Any CPU.Build.0 = Debug|Any CPU
		{9BAB24D3-52F6-4E17-ADF6-3B1ABA877D49}.Debug|x64.ActiveCfg = Debug|Any CPU
		{9BAB24D3-52F6-4E17-ADF6-3B1ABA877D49}.Debug|x64.Build.0 = Debug|Any CPU
		{9BAB24D3-52F6-4E17-ADF6-3B1ABA877D49}.Debug|x86.ActiveCfg = Debug|Any CPU
		{9BAB24D3-52F6-4E17-ADF6-3B1ABA877D49}.Debug|x86.Build.0 = Debug|Any CPU
		{9BAB24D3-52F6-4E17-ADF6-3B1ABA877D49}.Release|Any CPU.ActiveCfg = Release|Any CPU
		{9BAB24D3-52F6-4E17-ADF6-3B1ABA877D49}.Release|Any CPU.Build.0 = Release|Any CPU
		{9BAB24D3-52F6-4E17-ADF6-3B1ABA877D49}.Release|x64.ActiveCfg = Release|Any CPU
		{9BAB24D3-52F6-4E17-ADF6-3B1ABA877D49}.Release|x64.Build.0 = Release|Any CPU
		{9BAB24D3-52F6-4E17-ADF6-3B1ABA877D49}.Release|x86.ActiveCfg = Release|Any CPU
		{9BAB24D3-52F6-4E17-ADF6-3B1ABA877D49}.Release|x86.Build.0 = Release|Any CPU
		{4155B891-44CB-4997-8576-900DFB61F7A7}.Debug|Any CPU.ActiveCfg = Debug|Any CPU
		{4155B891-44CB-4997-8576-900DFB61F7A7}.Debug|Any CPU.Build.0 = Debug|Any CPU
		{4155B891-44CB-4997-8576-900DFB61F7A7}.Debug|x64.ActiveCfg = Debug|Any CPU
		{4155B891-44CB-4997-8576-900DFB61F7A7}.Debug|x64.Build.0 = Debug|Any CPU
		{4155B891-44CB-4997-8576-900DFB61F7A7}.Debug|x86.ActiveCfg = Debug|Any CPU
		{4155B891-44CB-4997-8576-900DFB61F7A7}.Debug|x86.Build.0 = Debug|Any CPU
		{4155B891-44CB-4997-8576-900DFB61F7A7}.Release|Any CPU.ActiveCfg = Release|Any CPU
		{4155B891-44CB-4997-8576-900DFB61F7A7}.Release|Any CPU.Build.0 = Release|Any CPU
		{4155B891-44CB-4997-8576-900DFB61F7A7}.Release|x64.ActiveCfg = Release|Any CPU
		{4155B891-44CB-4997-8576-900DFB61F7A7}.Release|x64.Build.0 = Release|Any CPU
		{4155B891-44CB-4997-8576-900DFB61F7A7}.Release|x86.ActiveCfg = Release|Any CPU
		{4155B891-44CB-4997-8576-900DFB61F7A7}.Release|x86.Build.0 = Release|Any CPU
	EndGlobalSection
	GlobalSection(SolutionProperties) = preSolution
		HideSolutionNode = FALSE
	EndGlobalSection
	GlobalSection(NestedProjects) = preSolution
		{C2C96B5D-F6E1-4677-B82A-CB76ECD05F59} = {827E0CD3-B72D-47B6-A68D-7590B98EB39B}
		{9BAB24D3-52F6-4E17-ADF6-3B1ABA877D49} = {827E0CD3-B72D-47B6-A68D-7590B98EB39B}
		{4155B891-44CB-4997-8576-900DFB61F7A7} = {827E0CD3-B72D-47B6-A68D-7590B98EB39B}
	EndGlobalSection
EndGlobal
